
Microsoft Visual Studio Solution File, Format Version 12.00
# Visual Studio Version 17
VisualStudioVersion = 17.13.35913.81 d17.13
MinimumVisualStudioVersion = 10.0.40219.1
Project("{FAE04EC0-301F-11D3-BF4B-00C04F79EFBC}") = "VoterEligChecker", "VoterEligChecker.csproj", "{2A388A9E-05E4-44D6-8498-3964D9742378}"
EndProject
Global
	GlobalSection(SolutionConfigurationPlatforms) = preSolution
		Debug|Any CPU = Debug|Any CPU
		Release|Any CPU = Release|Any CPU
	EndGlobalSection
	GlobalSection(ProjectConfigurationPlatforms) = postSolution
		{2A388A9E-05E4-44D6-8498-3964D9742378}.Debug|Any CPU.ActiveCfg = Debug|Any CPU
		{2A388A9E-05E4-44D6-8498-3964D9742378}.Debug|Any CPU.Build.0 = Debug|Any CPU
		{2A388A9E-05E4-44D6-8498-3964D9742378}.Release|Any CPU.ActiveCfg = Release|Any CPU
		{2A388A9E-05E4-44D6-8498-3964D9742378}.Release|Any CPU.Build.0 = Release|Any CPU
	EndGlobalSection
	GlobalSection(SolutionProperties) = preSolution
		HideSolutionNode = FALSE
	EndGlobalSection
	GlobalSection(ExtensibilityGlobals) = postSolution
		SolutionGuid = {5C86EA79-AD69-4285-879C-61EB03835BFE}
	EndGlobalSection
EndGlobal
